{
  "pins" : [
    {
      "identity" : "spmdeveloperinsider",
      "kind" : "remoteSourceControl",
      "location" : "https://github.com/developerinsider/SPMDeveloperInsider",
      "state" : {
        "revision" : "2b211a44947e1ea8ef6054aaa17f43ccdc56477d",
        "version" : "1.0.4"
      }
    }
  ],
  "version" : 2
}
